
Microsoft Visual Studio Solution File, Format Version 12.00
# Visual Studio Version 17
VisualStudioVersion = 17.1.32414.318
MinimumVisualStudioVersion = 10.0.40219.1
Project("{9A19103F-16F7-4668-BE54-9A1E7A4F7556}") = "DataStructure", "src\DataStructure\DataStructure.csproj", "{1AE70024-6623-49FF-8CBE-D20A7CBAD078}"
EndProject
Project("{9A19103F-16F7-4668-BE54-9A1E7A4F7556}") = "SortAlgorithms", "src\SortAlgorithms\SortAlgorithms.csproj", "{84BC961F-BF82-4701-95C0-D90DCA7E6B55}"
EndProject
Project("{9A19103F-16F7-4668-BE54-9A1E7A4F7556}") = "DataStructure.Tests", "test\DataStructure.Tests\DataStructure.Tests.csproj", "{F0AB76AA-565A-4BA3-920F-4B710688BE12}"
EndProject
Project("{FAE04EC0-301F-11D3-BF4B-00C04F79EFBC}") = "Lists", "src\Lists\Lists.csproj", "{C052D4F9-4EBB-472C-90ED-C27D7BF90DD3}"
EndProject
Global
	GlobalSection(SolutionConfigurationPlatforms) = preSolution
		Debug|Any CPU = Debug|Any CPU
		Release|Any CPU = Release|Any CPU
	EndGlobalSection
	GlobalSection(ProjectConfigurationPlatforms) = postSolution
		{1AE70024-6623-49FF-8CBE-D20A7CBAD078}.Debug|Any CPU.ActiveCfg = Debug|Any CPU
		{1AE70024-6623-49FF-8CBE-D20A7CBAD078}.Debug|Any CPU.Build.0 = Debug|Any CPU
		{1AE70024-6623-49FF-8CBE-D20A7CBAD078}.Release|Any CPU.ActiveCfg = Release|Any CPU
		{1AE70024-6623-49FF-8CBE-D20A7CBAD078}.Release|Any CPU.Build.0 = Release|Any CPU
		{84BC961F-BF82-4701-95C0-D90DCA7E6B55}.Debug|Any CPU.ActiveCfg = Debug|Any CPU
		{84BC961F-BF82-4701-95C0-D90DCA7E6B55}.Debug|Any CPU.Build.0 = Debug|Any CPU
		{84BC961F-BF82-4701-95C0-D90DCA7E6B55}.Release|Any CPU.ActiveCfg = Release|Any CPU
		{84BC961F-BF82-4701-95C0-D90DCA7E6B55}.Release|Any CPU.Build.0 = Release|Any CPU
		{F0AB76AA-565A-4BA3-920F-4B710688BE12}.Debug|Any CPU.ActiveCfg = Debug|Any CPU
		{F0AB76AA-565A-4BA3-920F-4B710688BE12}.Debug|Any CPU.Build.0 = Debug|Any CPU
		{F0AB76AA-565A-4BA3-920F-4B710688BE12}.Release|Any CPU.ActiveCfg = Release|Any CPU
		{F0AB76AA-565A-4BA3-920F-4B710688BE12}.Release|Any CPU.Build.0 = Release|Any CPU
		{C052D4F9-4EBB-472C-90ED-C27D7BF90DD3}.Debug|Any CPU.ActiveCfg = Debug|Any CPU
		{C052D4F9-4EBB-472C-90ED-C27D7BF90DD3}.Debug|Any CPU.Build.0 = Debug|Any CPU
		{C052D4F9-4EBB-472C-90ED-C27D7BF90DD3}.Release|Any CPU.ActiveCfg = Release|Any CPU
		{C052D4F9-4EBB-472C-90ED-C27D7BF90DD3}.Release|Any CPU.Build.0 = Release|Any CPU
	EndGlobalSection
	GlobalSection(SolutionProperties) = preSolution
		HideSolutionNode = FALSE
	EndGlobalSection
	GlobalSection(ExtensibilityGlobals) = postSolution
		SolutionGuid = {976B9EAF-9EE7-4E68-8D85-CEBDDADA7EE6}
	EndGlobalSection
EndGlobal
